
Microsoft Visual Studio Solution File, Format Version 12.00
# Visual Studio Version 17
VisualStudioVersion = 17.9.34616.47
MinimumVisualStudioVersion = 10.0.40219.1
Project("{9A19103F-16F7-4668-BE54-9A1E7A4F7556}") = "RingoMediaProject", "RingoMediaProject.csproj", "{44AE3FD6-045C-487E-B154-30BBF06AA77F}"
EndProject
Project("{FAE04EC0-301F-11D3-BF4B-00C04F79EFBC}") = "AuthRingoMediaProject", "..\AuthRingoMediaProject\AuthRingoMediaProject.csproj", "{4F25CC4E-8101-4738-8E88-78E1E8F88E92}"
EndProject
Global
	GlobalSection(SolutionConfigurationPlatforms) = preSolution
		Debug|Any CPU = Debug|Any CPU
		Release|Any CPU = Release|Any CPU
	EndGlobalSection
	GlobalSection(ProjectConfigurationPlatforms) = postSolution
		{44AE3FD6-045C-487E-B154-30BBF06AA77F}.Debug|Any CPU.ActiveCfg = Debug|Any CPU
		{44AE3FD6-045C-487E-B154-30BBF06AA77F}.Debug|Any CPU.Build.0 = Debug|Any CPU
		{44AE3FD6-045C-487E-B154-30BBF06AA77F}.Release|Any CPU.ActiveCfg = Release|Any CPU
		{44AE3FD6-045C-487E-B154-30BBF06AA77F}.Release|Any CPU.Build.0 = Release|Any CPU
		{4F25CC4E-8101-4738-8E88-78E1E8F88E92}.Debug|Any CPU.ActiveCfg = Debug|Any CPU
		{4F25CC4E-8101-4738-8E88-78E1E8F88E92}.Debug|Any CPU.Build.0 = Debug|Any CPU
		{4F25CC4E-8101-4738-8E88-78E1E8F88E92}.Release|Any CPU.ActiveCfg = Release|Any CPU
		{4F25CC4E-8101-4738-8E88-78E1E8F88E92}.Release|Any CPU.Build.0 = Release|Any CPU
	EndGlobalSection
	GlobalSection(SolutionProperties) = preSolution
		HideSolutionNode = FALSE
	EndGlobalSection
	GlobalSection(ExtensibilityGlobals) = postSolution
		SolutionGuid = {C092C001-BF1D-4FF3-86FA-C93BCEBBE376}
	EndGlobalSection
EndGlobal
